<?xml version="1.0" encoding="utf-8"?>
<Project ToolsVersion="4.0" xmlns="http://schemas.microsoft.com/developer/msbuild/2003">
  <ItemGroup>
    <ClCompile Include="DAggr.cpp">
      <Filter>Source Files</Filter>
    </ClCompile>
    <ClCompile Include="DALTERQuery.cpp">
      <Filter>Source Files</Filter>
    </ClCompile>
    <ClCompile Include="DArray.cpp">
      <Filter>Source Files</Filter>
    </ClCompile>
    <ClCompile Include="db.cpp">
      <Filter>Source Files</Filter>
    </ClCompile>
    <ClCompile Include="DConditionalQuery.cpp">
      <Filter>Source Files</Filter>
    </ClCompile>
    <ClCompile Include="DCreateQuery.cpp">
      <Filter>Source Files</Filter>
    </ClCompile>
    <ClCompile Include="DData.cpp">
      <Filter>Source Files</Filter>
    </ClCompile>
    <ClCompile Include="DDataArray.cpp">
      <Filter>Source Files</Filter>
    </ClCompile>
    <ClCompile Include="DDatrix.cpp">
      <Filter>Source Files</Filter>
    </ClCompile>
    <ClCompile Include="DDDLQuery.cpp">
      <Filter>Source Files</Filter>
    </ClCompile>
    <ClCompile Include="DDeleteQuery.cpp">
      <Filter>Source Files</Filter>
    </ClCompile>
    <ClCompile Include="DDESCQuery.cpp">
      <Filter>Source Files</Filter>
    </ClCompile>
    <ClCompile Include="DDMLQuery.cpp">
      <Filter>Source Files</Filter>
    </ClCompile>
    <ClCompile Include="DDropQuery.cpp">
      <Filter>Source Files</Filter>
    </ClCompile>
    <ClCompile Include="DError.cpp">
      <Filter>Source Files</Filter>
    </ClCompile>
    <ClCompile Include="DExpr.cpp">
      <Filter>Source Files</Filter>
    </ClCompile>
    <ClCompile Include="DGrouperStreamDatrix.cpp">
      <Filter>Source Files</Filter>
    </ClCompile>
    <ClCompile Include="DIndex.cpp">
      <Filter>Source Files</Filter>
    </ClCompile>
    <ClCompile Include="DInsertQuery.cpp">
      <Filter>Source Files</Filter>
    </ClCompile>
    <ClCompile Include="DMemDatrix.cpp">
      <Filter>Source Files</Filter>
    </ClCompile>
    <ClCompile Include="DQuery.cpp">
      <Filter>Source Files</Filter>
    </ClCompile>
    <ClCompile Include="DQueryFactory.cpp">
      <Filter>Source Files</Filter>
    </ClCompile>
    <ClCompile Include="DReadableDatrix.cpp">
      <Filter>Source Files</Filter>
    </ClCompile>
    <ClCompile Include="DResult.cpp">
      <Filter>Source Files</Filter>
    </ClCompile>
    <ClCompile Include="DRow.cpp">
      <Filter>Source Files</Filter>
    </ClCompile>
    <ClCompile Include="DSchema.cpp">
      <Filter>Source Files</Filter>
    </ClCompile>
    <ClCompile Include="DSchemaArray.cpp">
      <Filter>Source Files</Filter>
    </ClCompile>
    <ClCompile Include="DSelectQuery.cpp">
      <Filter>Source Files</Filter>
    </ClCompile>
    <ClCompile Include="DSession.cpp">
      <Filter>Source Files</Filter>
    </ClCompile>
    <ClCompile Include="DSorterStreamDatrix.cpp">
      <Filter>Source Files</Filter>
    </ClCompile>
    <ClCompile Include="DStack.cpp">
      <Filter>Source Files</Filter>
    </ClCompile>
    <ClCompile Include="DStreamDatrix.cpp">
      <Filter>Source Files</Filter>
    </ClCompile>
    <ClCompile Include="DTable.cpp">
      <Filter>Source Files</Filter>
    </ClCompile>
    <ClCompile Include="DTableDatrix.cpp">
      <Filter>Source Files</Filter>
    </ClCompile>
    <ClCompile Include="DUpdateQuery.cpp">
      <Filter>Source Files</Filter>
    </ClCompile>
    <ClCompile Include="DVar.cpp">
      <Filter>Source Files</Filter>
    </ClCompile>
    <ClCompile Include="DVariable.cpp">
      <Filter>Source Files</Filter>
    </ClCompile>
    <ClCompile Include="DView.cpp">
      <Filter>Source Files</Filter>
    </ClCompile>
    <ClCompile Include="DViewDatrix.cpp">
      <Filter>Source Files</Filter>
    </ClCompile>
    <ClCompile Include="DWriteableDatrix.cpp">
      <Filter>Source Files</Filter>
    </ClCompile>
    <ClCompile Include="hdbio.cpp">
      <Filter>Source Files</Filter>
    </ClCompile>
    <ClCompile Include="main.cpp">
      <Filter>Source Files</Filter>
    </ClCompile>
    <ClCompile Include="service.cpp">
      <Filter>Source Files</Filter>
    </ClCompile>
    <ClCompile Include="sql.cpp">
      <Filter>Source Files</Filter>
    </ClCompile>
    <ClCompile Include="token.cpp">
      <Filter>Source Files</Filter>
    </ClCompile>
    <ClCompile Include="where.cpp">
      <Filter>Source Files</Filter>
    </ClCompile>
  </ItemGroup>
  <ItemGroup>
    <ClInclude Include="DAggr.h">
      <Filter>Header Files</Filter>
    </ClInclude>
    <ClInclude Include="DALTERQuery.h">
      <Filter>Header Files</Filter>
    </ClInclude>
    <ClInclude Include="DArray.h">
      <Filter>Header Files</Filter>
    </ClInclude>
    <ClInclude Include="db.h">
      <Filter>Header Files</Filter>
    </ClInclude>
    <ClInclude Include="DConditionalQuery.h">
      <Filter>Header Files</Filter>
    </ClInclude>
    <ClInclude Include="DCreateQuery.h">
      <Filter>Header Files</Filter>
    </ClInclude>
    <ClInclude Include="DData.h">
      <Filter>Header Files</Filter>
    </ClInclude>
    <ClInclude Include="DDataArray.h">
      <Filter>Header Files</Filter>
    </ClInclude>
    <ClInclude Include="DDatrix.h">
      <Filter>Header Files</Filter>
    </ClInclude>
    <ClInclude Include="DDDLQuery.h">
      <Filter>Header Files</Filter>
    </ClInclude>
    <ClInclude Include="DDeleteQuery.h">
      <Filter>Header Files</Filter>
    </ClInclude>
    <ClInclude Include="DDESCQuery.h">
      <Filter>Header Files</Filter>
    </ClInclude>
    <ClInclude Include="DDmlQuery.h">
      <Filter>Header Files</Filter>
    </ClInclude>
    <ClInclude Include="DDropQuery.h">
      <Filter>Header Files</Filter>
    </ClInclude>
    <ClInclude Include="DError.h">
      <Filter>Header Files</Filter>
    </ClInclude>
    <ClInclude Include="DExpr.h">
      <Filter>Header Files</Filter>
    </ClInclude>
    <ClInclude Include="DGrouperStreamDatrix.h">
      <Filter>Header Files</Filter>
    </ClInclude>
    <ClInclude Include="DIndex.h">
      <Filter>Header Files</Filter>
    </ClInclude>
    <ClInclude Include="DInsertQuery.h">
      <Filter>Header Files</Filter>
    </ClInclude>
    <ClInclude Include="DMemDatrix.h">
      <Filter>Header Files</Filter>
    </ClInclude>
    <ClInclude Include="DQuery.h">
      <Filter>Header Files</Filter>
    </ClInclude>
    <ClInclude Include="DQueryFactory.h">
      <Filter>Header Files</Filter>
    </ClInclude>
    <ClInclude Include="DReadableDatrix.h">
      <Filter>Header Files</Filter>
    </ClInclude>
    <ClInclude Include="DResult.h">
      <Filter>Header Files</Filter>
    </ClInclude>
    <ClInclude Include="DRow.h">
      <Filter>Header Files</Filter>
    </ClInclude>
    <ClInclude Include="DSchema.h">
      <Filter>Header Files</Filter>
    </ClInclude>
    <ClInclude Include="DSchemaArray.h">
      <Filter>Header Files</Filter>
    </ClInclude>
    <ClInclude Include="DSelectQuery.h">
      <Filter>Header Files</Filter>
    </ClInclude>
    <ClInclude Include="DSession.h">
      <Filter>Header Files</Filter>
    </ClInclude>
    <ClInclude Include="DSorterStreamDatrix.h">
      <Filter>Header Files</Filter>
    </ClInclude>
    <ClInclude Include="DStack.h">
      <Filter>Header Files</Filter>
    </ClInclude>
    <ClInclude Include="DStreamDatrix.h">
      <Filter>Header Files</Filter>
    </ClInclude>
    <ClInclude Include="DTable.h">
      <Filter>Header Files</Filter>
    </ClInclude>
    <ClInclude Include="DTableDatrix.h">
      <Filter>Header Files</Filter>
    </ClInclude>
    <ClInclude Include="DUpdateQuery.h">
      <Filter>Header Files</Filter>
    </ClInclude>
    <ClInclude Include="DVar.h">
      <Filter>Header Files</Filter>
    </ClInclude>
    <ClInclude Include="DVariable.h">
      <Filter>Header Files</Filter>
    </ClInclude>
    <ClInclude Include="DView.h">
      <Filter>Header Files</Filter>
    </ClInclude>
    <ClInclude Include="DViewDatrix.h">
      <Filter>Header Files</Filter>
    </ClInclude>
    <ClInclude Include="DWriteableDatrix.h">
      <Filter>Header Files</Filter>
    </ClInclude>
    <ClInclude Include="hdbio.h">
      <Filter>Header Files</Filter>
    </ClInclude>
    <ClInclude Include="service.H">
      <Filter>Header Files</Filter>
    </ClInclude>
    <ClInclude Include="sql.h">
      <Filter>Header Files</Filter>
    </ClInclude>
    <ClInclude Include="token.h">
      <Filter>Header Files</Filter>
    </ClInclude>
    <ClInclude Include="where.h">
      <Filter>Header Files</Filter>
    </ClInclude>
  </ItemGroup>
  <ItemGroup>
    <Filter Include="Header Files">
      <UniqueIdentifier>{8cd5fe25-4e5f-4bb6-9302-dd9efbcac49f}</UniqueIdentifier>
    </Filter>
    <Filter Include="Source Files">
      <UniqueIdentifier>{23ff8d04-e308-4117-98d9-68715c10005a}</UniqueIdentifier>
    </Filter>
  </ItemGroup>
</Project>