<?xml version="1.0" encoding="utf-8"?>
<Project ToolsVersion="4.0" xmlns="http://schemas.microsoft.com/developer/msbuild/2003">
  <ItemGroup>
    <Filter Include="Source Files">
      <UniqueIdentifier>{b1839696-fa36-4a48-90e9-95eeb9474611}</UniqueIdentifier>
      <Extensions>cpp;c;cxx;rc;def;r;odl;idl;hpj;bat</Extensions>
    </Filter>
    <Filter Include="Header Files">
      <UniqueIdentifier>{53c9a05a-1133-4106-9c0f-89f23a8fa927}</UniqueIdentifier>
      <Extensions>h;hpp;hxx;hm;inl</Extensions>
    </Filter>
  </ItemGroup>
  <ItemGroup>
    <ClCompile Include="dbclnt.cpp">
      <Filter>Source Files</Filter>
    </ClCompile>
    <ClCompile Include="hdbm.cpp">
      <Filter>Source Files</Filter>
    </ClCompile>
    <ClCompile Include="..\hdb\db.cpp">
      <Filter>Source Files</Filter>
    </ClCompile>
    <ClCompile Include="..\hdb\token.cpp">
      <Filter>Source Files</Filter>
    </ClCompile>
    <ClCompile Include="..\hdb\DResult.cpp">
      <Filter>Source Files</Filter>
    </ClCompile>
    <ClCompile Include="..\hdb\DVariable.cpp">
      <Filter>Source Files</Filter>
    </ClCompile>
    <ClCompile Include="..\hdb\DExpr.cpp">
      <Filter>Source Files</Filter>
    </ClCompile>
    <ClCompile Include="..\hdb\DStack.cpp">
      <Filter>Source Files</Filter>
    </ClCompile>
    <ClCompile Include="..\hdb\DTable.cpp">
      <Filter>Source Files</Filter>
    </ClCompile>
    <ClCompile Include="..\hdb\DRow.cpp">
      <Filter>Source Files</Filter>
    </ClCompile>
    <ClCompile Include="..\hdb\DSession.cpp">
      <Filter>Source Files</Filter>
    </ClCompile>
    <ClCompile Include="..\hdb\DError.cpp">
      <Filter>Source Files</Filter>
    </ClCompile>
  </ItemGroup>
  <ItemGroup>
    <ClInclude Include="dbclnt.h">
      <Filter>Header Files</Filter>
    </ClInclude>
    <ClInclude Include="hdbm.h">
      <Filter>Header Files</Filter>
    </ClInclude>
    <ClInclude Include="..\hdb\db.h">
      <Filter>Header Files</Filter>
    </ClInclude>
    <ClInclude Include="..\hdb\token.h">
      <Filter>Header Files</Filter>
    </ClInclude>
    <ClInclude Include="..\hdb\DResult.h">
      <Filter>Header Files</Filter>
    </ClInclude>
    <ClInclude Include="..\hdb\DVariable.h">
      <Filter>Header Files</Filter>
    </ClInclude>
    <ClInclude Include="..\hdb\DExpr.h">
      <Filter>Header Files</Filter>
    </ClInclude>
    <ClInclude Include="..\hdb\DStack.h">
      <Filter>Header Files</Filter>
    </ClInclude>
    <ClInclude Include="..\hdb\DTable.h">
      <Filter>Header Files</Filter>
    </ClInclude>
    <ClInclude Include="..\hdb\DRow.h">
      <Filter>Header Files</Filter>
    </ClInclude>
    <ClInclude Include="..\hdb\DSession.h">
      <Filter>Header Files</Filter>
    </ClInclude>
    <ClInclude Include="..\hdb\DError.h">
      <Filter>Header Files</Filter>
    </ClInclude>
  </ItemGroup>
</Project>